// !$*UTF8*$!
{
	archiveVersion = 1;
	classes = {
	};
	objectVersion = 56;
	objects = {

/* Begin PBXBuildFile section */
		3944E237291537340052B189 /* GetStartedView.swift in Sources */ = {isa = PBXBuildFile; fileRef = 3944E236291537340052B189 /* GetStartedView.swift */; };
		396260692916BA4100C3BFBE /* OtpViewModel.swift in Sources */ = {isa = PBXBuildFile; fileRef = 396260682916BA4100C3BFBE /* OtpViewModel.swift */; };
		397BCD8B28F405FB00A9FDF6 /* BeepBeepApp.swift in Sources */ = {isa = PBXBuildFile; fileRef = 397BCD8A28F405FB00A9FDF6 /* BeepBeepApp.swift */; };
		397BCD8D28F405FB00A9FDF6 /* ContentView.swift in Sources */ = {isa = PBXBuildFile; fileRef = 397BCD8C28F405FB00A9FDF6 /* ContentView.swift */; };
		397BCD8F28F405FD00A9FDF6 /* Assets.xcassets in Resources */ = {isa = PBXBuildFile; fileRef = 397BCD8E28F405FD00A9FDF6 /* Assets.xcassets */; };
		397BCD9228F405FD00A9FDF6 /* Preview Assets.xcassets in Resources */ = {isa = PBXBuildFile; fileRef = 397BCD9128F405FD00A9FDF6 /* Preview Assets.xcassets */; };
		399D39F529155B8E006826F7 /* ThemeModel.swift in Sources */ = {isa = PBXBuildFile; fileRef = 399D39F429155B8E006826F7 /* ThemeModel.swift */; };
		399D39F829155CE4006826F7 /* ThemeViewModel.swift in Sources */ = {isa = PBXBuildFile; fileRef = 399D39F729155CE4006826F7 /* ThemeViewModel.swift */; };
		399D39FA29157712006826F7 /* UserProfileSelectionComponent.swift in Sources */ = {isa = PBXBuildFile; fileRef = 399D39F929157711006826F7 /* UserProfileSelectionComponent.swift */; };
		399D39FC291589DE006826F7 /* EnterPhoneNumberView.swift in Sources */ = {isa = PBXBuildFile; fileRef = 399D39FB291589DE006826F7 /* EnterPhoneNumberView.swift */; };
		399D39FE29167731006826F7 /* EnterOtpView.swift in Sources */ = {isa = PBXBuildFile; fileRef = 399D39FD29167730006826F7 /* EnterOtpView.swift */; };
		39B7EE8E291A0C2200778C3A /* UserProfileView.swift in Sources */ = {isa = PBXBuildFile; fileRef = 39B7EE8D291A0C2200778C3A /* UserProfileView.swift */; };
		39C125BF2913F0DB00E5B441 /* GetStartedViewWaveBackground.swift in Sources */ = {isa = PBXBuildFile; fileRef = 39C125BE2913F0DB00E5B441 /* GetStartedViewWaveBackground.swift */; };
		39C125C12913F2B900E5B441 /* LogInView.swift in Sources */ = {isa = PBXBuildFile; fileRef = 39C125C02913F2B900E5B441 /* LogInView.swift */; };
		39D4DB5F29176D700066D333 /* GoogleService-Info.plist in Resources */ = {isa = PBXBuildFile; fileRef = 39D4DB5E29176D6F0066D333 /* GoogleService-Info.plist */; };
		39D4DB6329176F7A0066D333 /* FirebaseAuth in Frameworks */ = {isa = PBXBuildFile; productRef = 39D4DB6229176F7A0066D333 /* FirebaseAuth */; };
		39D4DB6529176F7A0066D333 /* FirebaseDatabase in Frameworks */ = {isa = PBXBuildFile; productRef = 39D4DB6429176F7A0066D333 /* FirebaseDatabase */; };
		39D4DB6729176F7A0066D333 /* FirebaseDatabaseSwift in Frameworks */ = {isa = PBXBuildFile; productRef = 39D4DB6629176F7A0066D333 /* FirebaseDatabaseSwift */; };
		39D4DB6929176F7A0066D333 /* FirebaseFirestore in Frameworks */ = {isa = PBXBuildFile; productRef = 39D4DB6829176F7A0066D333 /* FirebaseFirestore */; };
		39D4DB6B29176F7A0066D333 /* FirebaseFirestoreSwift in Frameworks */ = {isa = PBXBuildFile; productRef = 39D4DB6A29176F7A0066D333 /* FirebaseFirestoreSwift */; };
		39D4DB6D29177F8E0066D333 /* UserModel.swift in Sources */ = {isa = PBXBuildFile; fileRef = 39D4DB6C29177F8E0066D333 /* UserModel.swift */; };
		39E0B3692917E95200510A5F /* UserViewModel.swift in Sources */ = {isa = PBXBuildFile; fileRef = 39E0B3682917E95200510A5F /* UserViewModel.swift */; };
		39E0B36B2918048900510A5F /* EnterNameAndEmailView.swift in Sources */ = {isa = PBXBuildFile; fileRef = 39E0B36A2918048800510A5F /* EnterNameAndEmailView.swift */; };
/* End PBXBuildFile section */

/* Begin PBXFileReference section */
		3944E236291537340052B189 /* GetStartedView.swift */ = {isa = PBXFileReference; lastKnownFileType = sourcecode.swift; path = GetStartedView.swift; sourceTree = "<group>"; };
		396260682916BA4100C3BFBE /* OtpViewModel.swift */ = {isa = PBXFileReference; lastKnownFileType = sourcecode.swift; path = OtpViewModel.swift; sourceTree = "<group>"; };
		397BCD8728F405FB00A9FDF6 /* BeepBeep.app */ = {isa = PBXFileReference; explicitFileType = wrapper.application; includeInIndex = 0; path = BeepBeep.app; sourceTree = BUILT_PRODUCTS_DIR; };
		397BCD8A28F405FB00A9FDF6 /* BeepBeepApp.swift */ = {isa = PBXFileReference; lastKnownFileType = sourcecode.swift; path = BeepBeepApp.swift; sourceTree = "<group>"; };
		397BCD8C28F405FB00A9FDF6 /* ContentView.swift */ = {isa = PBXFileReference; lastKnownFileType = sourcecode.swift; path = ContentView.swift; sourceTree = "<group>"; };
		397BCD8E28F405FD00A9FDF6 /* Assets.xcassets */ = {isa = PBXFileReference; lastKnownFileType = folder.assetcatalog; path = Assets.xcassets; sourceTree = "<group>"; };
		397BCD9128F405FD00A9FDF6 /* Preview Assets.xcassets */ = {isa = PBXFileReference; lastKnownFileType = folder.assetcatalog; path = "Preview Assets.xcassets"; sourceTree = "<group>"; };
		399D39F429155B8E006826F7 /* ThemeModel.swift */ = {isa = PBXFileReference; lastKnownFileType = sourcecode.swift; path = ThemeModel.swift; sourceTree = "<group>"; };
		399D39F729155CE4006826F7 /* ThemeViewModel.swift */ = {isa = PBXFileReference; lastKnownFileType = sourcecode.swift; path = ThemeViewModel.swift; sourceTree = "<group>"; };
		399D39F929157711006826F7 /* UserProfileSelectionComponent.swift */ = {isa = PBXFileReference; lastKnownFileType = sourcecode.swift; path = UserProfileSelectionComponent.swift; sourceTree = "<group>"; };
		399D39FB291589DE006826F7 /* EnterPhoneNumberView.swift */ = {isa = PBXFileReference; lastKnownFileType = sourcecode.swift; path = EnterPhoneNumberView.swift; sourceTree = "<group>"; };
		399D39FD29167730006826F7 /* EnterOtpView.swift */ = {isa = PBXFileReference; lastKnownFileType = sourcecode.swift; path = EnterOtpView.swift; sourceTree = "<group>"; };
		39B7EE8D291A0C2200778C3A /* UserProfileView.swift */ = {isa = PBXFileReference; lastKnownFileType = sourcecode.swift; path = UserProfileView.swift; sourceTree = "<group>"; };
		39C125BE2913F0DB00E5B441 /* GetStartedViewWaveBackground.swift */ = {isa = PBXFileReference; lastKnownFileType = sourcecode.swift; path = GetStartedViewWaveBackground.swift; sourceTree = "<group>"; };
		39C125C02913F2B900E5B441 /* LogInView.swift */ = {isa = PBXFileReference; lastKnownFileType = sourcecode.swift; path = LogInView.swift; sourceTree = "<group>"; };
		39D4DB5E29176D6F0066D333 /* GoogleService-Info.plist */ = {isa = PBXFileReference; fileEncoding = 4; lastKnownFileType = text.plist.xml; path = "GoogleService-Info.plist"; sourceTree = "<group>"; };
		39D4DB6029176DA80066D333 /* Info.plist */ = {isa = PBXFileReference; lastKnownFileType = text.plist; path = Info.plist; sourceTree = "<group>"; };
		39D4DB6C29177F8E0066D333 /* UserModel.swift */ = {isa = PBXFileReference; lastKnownFileType = sourcecode.swift; path = UserModel.swift; sourceTree = "<group>"; };
		39E0B3682917E95200510A5F /* UserViewModel.swift */ = {isa = PBXFileReference; lastKnownFileType = sourcecode.swift; path = UserViewModel.swift; sourceTree = "<group>"; };
		39E0B36A2918048800510A5F /* EnterNameAndEmailView.swift */ = {isa = PBXFileReference; lastKnownFileType = sourcecode.swift; path = EnterNameAndEmailView.swift; sourceTree = "<group>"; };
/* End PBXFileReference section */

/* Begin PBXFrameworksBuildPhase section */
		397BCD8428F405FB00A9FDF6 /* Frameworks */ = {
			isa = PBXFrameworksBuildPhase;
			buildActionMask = 2147483647;
			files = (
				39D4DB6B29176F7A0066D333 /* FirebaseFirestoreSwift in Frameworks */,
				39D4DB6729176F7A0066D333 /* FirebaseDatabaseSwift in Frameworks */,
				39D4DB6929176F7A0066D333 /* FirebaseFirestore in Frameworks */,
				39D4DB6529176F7A0066D333 /* FirebaseDatabase in Frameworks */,
				39D4DB6329176F7A0066D333 /* FirebaseAuth in Frameworks */,
			);
			runOnlyForDeploymentPostprocessing = 0;
		};
/* End PBXFrameworksBuildPhase section */

/* Begin PBXGroup section */
		397BCD7E28F405FB00A9FDF6 = {
			isa = PBXGroup;
			children = (
				397BCD8928F405FB00A9FDF6 /* BeepBeep */,
				397BCD8828F405FB00A9FDF6 /* Products */,
			);
			sourceTree = "<group>";
		};
		397BCD8828F405FB00A9FDF6 /* Products */ = {
			isa = PBXGroup;
			children = (
				397BCD8728F405FB00A9FDF6 /* BeepBeep.app */,
			);
			name = Products;
			sourceTree = "<group>";
		};
		397BCD8928F405FB00A9FDF6 /* BeepBeep */ = {
			isa = PBXGroup;
			children = (
				39D4DB6029176DA80066D333 /* Info.plist */,
				39D4DB5E29176D6F0066D333 /* GoogleService-Info.plist */,
				399D39F32915553A006826F7 /* Models */,
				399D39F22915552E006826F7 /* ViewModels */,
				399D39F129155521006826F7 /* Views */,
				397BCD8A28F405FB00A9FDF6 /* BeepBeepApp.swift */,
				397BCD8E28F405FD00A9FDF6 /* Assets.xcassets */,
				397BCD9028F405FD00A9FDF6 /* Preview Content */,
			);
			path = BeepBeep;
			sourceTree = "<group>";
		};
		397BCD9028F405FD00A9FDF6 /* Preview Content */ = {
			isa = PBXGroup;
			children = (
				397BCD9128F405FD00A9FDF6 /* Preview Assets.xcassets */,
			);
			path = "Preview Content";
			sourceTree = "<group>";
		};
		399D39F129155521006826F7 /* Views */ = {
			isa = PBXGroup;
			children = (
				397BCD8C28F405FB00A9FDF6 /* ContentView.swift */,
				3944E236291537340052B189 /* GetStartedView.swift */,
				39C125BE2913F0DB00E5B441 /* GetStartedViewWaveBackground.swift */,
				399D39F929157711006826F7 /* UserProfileSelectionComponent.swift */,
				39C125C02913F2B900E5B441 /* LogInView.swift */,
				399D39FB291589DE006826F7 /* EnterPhoneNumberView.swift */,
				399D39FD29167730006826F7 /* EnterOtpView.swift */,
				39E0B36A2918048800510A5F /* EnterNameAndEmailView.swift */,
				39B7EE8D291A0C2200778C3A /* UserProfileView.swift */,
			);
			path = Views;
			sourceTree = "<group>";
		};
		399D39F22915552E006826F7 /* ViewModels */ = {
			isa = PBXGroup;
			children = (
				399D39F729155CE4006826F7 /* ThemeViewModel.swift */,
				396260682916BA4100C3BFBE /* OtpViewModel.swift */,
				39E0B3682917E95200510A5F /* UserViewModel.swift */,
			);
			path = ViewModels;
			sourceTree = "<group>";
		};
		399D39F32915553A006826F7 /* Models */ = {
			isa = PBXGroup;
			children = (
				399D39F429155B8E006826F7 /* ThemeModel.swift */,
				39D4DB6C29177F8E0066D333 /* UserModel.swift */,
			);
			path = Models;
			sourceTree = "<group>";
		};
/* End PBXGroup section */

/* Begin PBXNativeTarget section */
		397BCD8628F405FB00A9FDF6 /* BeepBeep */ = {
			isa = PBXNativeTarget;
			buildConfigurationList = 397BCD9528F405FD00A9FDF6 /* Build configuration list for PBXNativeTarget "BeepBeep" */;
			buildPhases = (
				397BCD8328F405FB00A9FDF6 /* Sources */,
				397BCD8428F405FB00A9FDF6 /* Frameworks */,
				397BCD8528F405FB00A9FDF6 /* Resources */,
			);
			buildRules = (
			);
			dependencies = (
			);
			name = BeepBeep;
			packageProductDependencies = (
				39D4DB6229176F7A0066D333 /* FirebaseAuth */,
				39D4DB6429176F7A0066D333 /* FirebaseDatabase */,
				39D4DB6629176F7A0066D333 /* FirebaseDatabaseSwift */,
				39D4DB6829176F7A0066D333 /* FirebaseFirestore */,
				39D4DB6A29176F7A0066D333 /* FirebaseFirestoreSwift */,
			);
			productName = BeepBeep;
			productReference = 397BCD8728F405FB00A9FDF6 /* BeepBeep.app */;
			productType = "com.apple.product-type.application";
		};
/* End PBXNativeTarget section */

/* Begin PBXProject section */
		397BCD7F28F405FB00A9FDF6 /* Project object */ = {
			isa = PBXProject;
			attributes = {
				BuildIndependentTargetsInParallel = 1;
				LastSwiftUpdateCheck = 1400;
				LastUpgradeCheck = 1400;
				TargetAttributes = {
					397BCD8628F405FB00A9FDF6 = {
						CreatedOnToolsVersion = 14.0.1;
					};
				};
			};
			buildConfigurationList = 397BCD8228F405FB00A9FDF6 /* Build configuration list for PBXProject "BeepBeep" */;
			compatibilityVersion = "Xcode 14.0";
			developmentRegion = en;
			hasScannedForEncodings = 0;
			knownRegions = (
				en,
				Base,
			);
			mainGroup = 397BCD7E28F405FB00A9FDF6;
			packageReferences = (
				39D4DB6129176F7A0066D333 /* XCRemoteSwiftPackageReference "firebase-ios-sdk" */,
			);
			productRefGroup = 397BCD8828F405FB00A9FDF6 /* Products */;
			projectDirPath = "";
			projectRoot = "";
			targets = (
				397BCD8628F405FB00A9FDF6 /* BeepBeep */,
			);
		};
/* End PBXProject section */

/* Begin PBXResourcesBuildPhase section */
		397BCD8528F405FB00A9FDF6 /* Resources */ = {
			isa = PBXResourcesBuildPhase;
			buildActionMask = 2147483647;
			files = (
				397BCD9228F405FD00A9FDF6 /* Preview Assets.xcassets in Resources */,
				397BCD8F28F405FD00A9FDF6 /* Assets.xcassets in Resources */,
				39D4DB5F29176D700066D333 /* GoogleService-Info.plist in Resources */,
			);
			runOnlyForDeploymentPostprocessing = 0;
		};
/* End PBXResourcesBuildPhase section */

/* Begin PBXSourcesBuildPhase section */
		397BCD8328F405FB00A9FDF6 /* Sources */ = {
			isa = PBXSourcesBuildPhase;
			buildActionMask = 2147483647;
			files = (
				399D39FA29157712006826F7 /* UserProfileSelectionComponent.swift in Sources */,
				399D39FE29167731006826F7 /* EnterOtpView.swift in Sources */,
				397BCD8D28F405FB00A9FDF6 /* ContentView.swift in Sources */,
				399D39FC291589DE006826F7 /* EnterPhoneNumberView.swift in Sources */,
				39C125BF2913F0DB00E5B441 /* GetStartedViewWaveBackground.swift in Sources */,
				39C125C12913F2B900E5B441 /* LogInView.swift in Sources */,
				399D39F529155B8E006826F7 /* ThemeModel.swift in Sources */,
				39E0B36B2918048900510A5F /* EnterNameAndEmailView.swift in Sources */,
				397BCD8B28F405FB00A9FDF6 /* BeepBeepApp.swift in Sources */,
				396260692916BA4100C3BFBE /* OtpViewModel.swift in Sources */,
				39B7EE8E291A0C2200778C3A /* UserProfileView.swift in Sources */,
				39E0B3692917E95200510A5F /* UserViewModel.swift in Sources */,
				399D39F829155CE4006826F7 /* ThemeViewModel.swift in Sources */,
				39D4DB6D29177F8E0066D333 /* UserModel.swift in Sources */,
				3944E237291537340052B189 /* GetStartedView.swift in Sources */,
			);
			runOnlyForDeploymentPostprocessing = 0;
		};
/* End PBXSourcesBuildPhase section */

/* Begin XCBuildConfiguration section */
		397BCD9328F405FD00A9FDF6 /* Debug */ = {
			isa = XCBuildConfiguration;
			buildSettings = {
				ALWAYS_SEARCH_USER_PATHS = NO;
				CLANG_ANALYZER_NONNULL = YES;
				CLANG_ANALYZER_NUMBER_OBJECT_CONVERSION = YES_AGGRESSIVE;
				CLANG_CXX_LANGUAGE_STANDARD = "gnu++20";
				CLANG_ENABLE_MODULES = YES;
				CLANG_ENABLE_OBJC_ARC = YES;
				CLANG_ENABLE_OBJC_WEAK = YES;
				CLANG_WARN_BLOCK_CAPTURE_AUTORELEASING = YES;
				CLANG_WARN_BOOL_CONVERSION = YES;
				CLANG_WARN_COMMA = YES;
				CLANG_WARN_CONSTANT_CONVERSION = YES;
				CLANG_WARN_DEPRECATED_OBJC_IMPLEMENTATIONS = YES;
				CLANG_WARN_DIRECT_OBJC_ISA_USAGE = YES_ERROR;
				CLANG_WARN_DOCUMENTATION_COMMENTS = YES;
				CLANG_WARN_EMPTY_BODY = YES;
				CLANG_WARN_ENUM_CONVERSION = YES;
				CLANG_WARN_INFINITE_RECURSION = YES;
				CLANG_WARN_INT_CONVERSION = YES;
				CLANG_WARN_NON_LITERAL_NULL_CONVERSION = YES;
				CLANG_WARN_OBJC_IMPLICIT_RETAIN_SELF = YES;
				CLANG_WARN_OBJC_LITERAL_CONVERSION = YES;
				CLANG_WARN_OBJC_ROOT_CLASS = YES_ERROR;
				CLANG_WARN_QUOTED_INCLUDE_IN_FRAMEWORK_HEADER = YES;
				CLANG_WARN_RANGE_LOOP_ANALYSIS = YES;
				CLANG_WARN_STRICT_PROTOTYPES = YES;
				CLANG_WARN_SUSPICIOUS_MOVE = YES;
				CLANG_WARN_UNGUARDED_AVAILABILITY = YES_AGGRESSIVE;
				CLANG_WARN_UNREACHABLE_CODE = YES;
				CLANG_WARN__DUPLICATE_METHOD_MATCH = YES;
				COPY_PHASE_STRIP = NO;
				DEBUG_INFORMATION_FORMAT = dwarf;
				ENABLE_STRICT_OBJC_MSGSEND = YES;
				ENABLE_TESTABILITY = YES;
				GCC_C_LANGUAGE_STANDARD = gnu11;
				GCC_DYNAMIC_NO_PIC = NO;
				GCC_NO_COMMON_BLOCKS = YES;
				GCC_OPTIMIZATION_LEVEL = 0;
				GCC_PREPROCESSOR_DEFINITIONS = (
					"DEBUG=1",
					"$(inherited)",
				);
				GCC_WARN_64_TO_32_BIT_CONVERSION = YES;
				GCC_WARN_ABOUT_RETURN_TYPE = YES_ERROR;
				GCC_WARN_UNDECLARED_SELECTOR = YES;
				GCC_WARN_UNINITIALIZED_AUTOS = YES_AGGRESSIVE;
				GCC_WARN_UNUSED_FUNCTION = YES;
				GCC_WARN_UNUSED_VARIABLE = YES;
				IPHONEOS_DEPLOYMENT_TARGET = 16.0;
				MTL_ENABLE_DEBUG_INFO = INCLUDE_SOURCE;
				MTL_FAST_MATH = YES;
				ONLY_ACTIVE_ARCH = YES;
				SDKROOT = iphoneos;
				SWIFT_ACTIVE_COMPILATION_CONDITIONS = DEBUG;
				SWIFT_OPTIMIZATION_LEVEL = "-Onone";
			};
			name = Debug;
		};
		397BCD9428F405FD00A9FDF6 /* Release */ = {
			isa = XCBuildConfiguration;
			buildSettings = {
				ALWAYS_SEARCH_USER_PATHS = NO;
				CLANG_ANALYZER_NONNULL = YES;
				CLANG_ANALYZER_NUMBER_OBJECT_CONVERSION = YES_AGGRESSIVE;
				CLANG_CXX_LANGUAGE_STANDARD = "gnu++20";
				CLANG_ENABLE_MODULES = YES;
				CLANG_ENABLE_OBJC_ARC = YES;
				CLANG_ENABLE_OBJC_WEAK = YES;
				CLANG_WARN_BLOCK_CAPTURE_AUTORELEASING = YES;
				CLANG_WARN_BOOL_CONVERSION = YES;
				CLANG_WARN_COMMA = YES;
				CLANG_WARN_CONSTANT_CONVERSION = YES;
				CLANG_WARN_DEPRECATED_OBJC_IMPLEMENTATIONS = YES;
				CLANG_WARN_DIRECT_OBJC_ISA_USAGE = YES_ERROR;
				CLANG_WARN_DOCUMENTATION_COMMENTS = YES;
				CLANG_WARN_EMPTY_BODY = YES;
				CLANG_WARN_ENUM_CONVERSION = YES;
				CLANG_WARN_INFINITE_RECURSION = YES;
				CLANG_WARN_INT_CONVERSION = YES;
				CLANG_WARN_NON_LITERAL_NULL_CONVERSION = YES;
				CLANG_WARN_OBJC_IMPLICIT_RETAIN_SELF = YES;
				CLANG_WARN_OBJC_LITERAL_CONVERSION = YES;
				CLANG_WARN_OBJC_ROOT_CLASS = YES_ERROR;
				CLANG_WARN_QUOTED_INCLUDE_IN_FRAMEWORK_HEADER = YES;
				CLANG_WARN_RANGE_LOOP_ANALYSIS = YES;
				CLANG_WARN_STRICT_PROTOTYPES = YES;
				CLANG_WARN_SUSPICIOUS_MOVE = YES;
				CLANG_WARN_UNGUARDED_AVAILABILITY = YES_AGGRESSIVE;
				CLANG_WARN_UNREACHABLE_CODE = YES;
				CLANG_WARN__DUPLICATE_METHOD_MATCH = YES;
				COPY_PHASE_STRIP = NO;
				DEBUG_INFORMATION_FORMAT = "dwarf-with-dsym";
				ENABLE_NS_ASSERTIONS = NO;
				ENABLE_STRICT_OBJC_MSGSEND = YES;
				GCC_C_LANGUAGE_STANDARD = gnu11;
				GCC_NO_COMMON_BLOCKS = YES;
				GCC_WARN_64_TO_32_BIT_CONVERSION = YES;
				GCC_WARN_ABOUT_RETURN_TYPE = YES_ERROR;
				GCC_WARN_UNDECLARED_SELECTOR = YES;
				GCC_WARN_UNINITIALIZED_AUTOS = YES_AGGRESSIVE;
				GCC_WARN_UNUSED_FUNCTION = YES;
				GCC_WARN_UNUSED_VARIABLE = YES;
				IPHONEOS_DEPLOYMENT_TARGET = 16.0;
				MTL_ENABLE_DEBUG_INFO = NO;
				MTL_FAST_MATH = YES;
				SDKROOT = iphoneos;
				SWIFT_COMPILATION_MODE = wholemodule;
				SWIFT_OPTIMIZATION_LEVEL = "-O";
				VALIDATE_PRODUCT = YES;
			};
			name = Release;
		};
		397BCD9628F405FD00A9FDF6 /* Debug */ = {
			isa = XCBuildConfiguration;
			buildSettings = {
				ASSETCATALOG_COMPILER_APPICON_NAME = AppIcon;
				ASSETCATALOG_COMPILER_GLOBAL_ACCENT_COLOR_NAME = AccentColor;
				CODE_SIGN_STYLE = Automatic;
				CURRENT_PROJECT_VERSION = 1;
				DEVELOPMENT_ASSET_PATHS = "\"BeepBeep/Preview Content\"";
				DEVELOPMENT_TEAM = 5VYMFLU64N;
				ENABLE_PREVIEWS = YES;
				GENERATE_INFOPLIST_FILE = YES;
				INFOPLIST_FILE = BeepBeep/Info.plist;
				INFOPLIST_KEY_UIApplicationSceneManifest_Generation = YES;
				INFOPLIST_KEY_UIApplicationSupportsIndirectInputEvents = YES;
				INFOPLIST_KEY_UILaunchScreen_Generation = YES;
				INFOPLIST_KEY_UISupportedInterfaceOrientations_iPad = "UIInterfaceOrientationPortrait UIInterfaceOrientationPortraitUpsideDown UIInterfaceOrientationLandscapeLeft UIInterfaceOrientationLandscapeRight";
				INFOPLIST_KEY_UISupportedInterfaceOrientations_iPhone = "UIInterfaceOrientationPortrait UIInterfaceOrientationLandscapeLeft UIInterfaceOrientationLandscapeRight";
				LD_RUNPATH_SEARCH_PATHS = (
					"$(inherited)",
					"@executable_path/Frameworks",
				);
				MARKETING_VERSION = 1.0;
				PRODUCT_BUNDLE_IDENTIFIER = com.jailulla.BeepBeep;
				PRODUCT_NAME = "$(TARGET_NAME)";
				SWIFT_EMIT_LOC_STRINGS = YES;
				SWIFT_VERSION = 5.0;
				TARGETED_DEVICE_FAMILY = "1,2";
			};
			name = Debug;
		};
		397BCD9728F405FD00A9FDF6 /* Release */ = {
			isa = XCBuildConfiguration;
			buildSettings = {
				ASSETCATALOG_COMPILER_APPICON_NAME = AppIcon;
				ASSETCATALOG_COMPILER_GLOBAL_ACCENT_COLOR_NAME = AccentColor;
				CODE_SIGN_STYLE = Automatic;
				CURRENT_PROJECT_VERSION = 1;
				DEVELOPMENT_ASSET_PATHS = "\"BeepBeep/Preview Content\"";
				DEVELOPMENT_TEAM = 5VYMFLU64N;
				ENABLE_PREVIEWS = YES;
				GENERATE_INFOPLIST_FILE = YES;
				INFOPLIST_FILE = BeepBeep/Info.plist;
				INFOPLIST_KEY_UIApplicationSceneManifest_Generation = YES;
				INFOPLIST_KEY_UIApplicationSupportsIndirectInputEvents = YES;
				INFOPLIST_KEY_UILaunchScreen_Generation = YES;
				INFOPLIST_KEY_UISupportedInterfaceOrientations_iPad = "UIInterfaceOrientationPortrait UIInterfaceOrientationPortraitUpsideDown UIInterfaceOrientationLandscapeLeft UIInterfaceOrientationLandscapeRight";
				INFOPLIST_KEY_UISupportedInterfaceOrientations_iPhone = "UIInterfaceOrientationPortrait UIInterfaceOrientationLandscapeLeft UIInterfaceOrientationLandscapeRight";
				LD_RUNPATH_SEARCH_PATHS = (
					"$(inherited)",
					"@executable_path/Frameworks",
				);
				MARKETING_VERSION = 1.0;
				PRODUCT_BUNDLE_IDENTIFIER = com.jailulla.BeepBeep;
				PRODUCT_NAME = "$(TARGET_NAME)";
				SWIFT_EMIT_LOC_STRINGS = YES;
				SWIFT_VERSION = 5.0;
				TARGETED_DEVICE_FAMILY = "1,2";
			};
			name = Release;
		};
/* End XCBuildConfiguration section */

/* Begin XCConfigurationList section */
		397BCD8228F405FB00A9FDF6 /* Build configuration list for PBXProject "BeepBeep" */ = {
			isa = XCConfigurationList;
			buildConfigurations = (
				397BCD9328F405FD00A9FDF6 /* Debug */,
				397BCD9428F405FD00A9FDF6 /* Release */,
			);
			defaultConfigurationIsVisible = 0;
			defaultConfigurationName = Release;
		};
		397BCD9528F405FD00A9FDF6 /* Build configuration list for PBXNativeTarget "BeepBeep" */ = {
			isa = XCConfigurationList;
			buildConfigurations = (
				397BCD9628F405FD00A9FDF6 /* Debug */,
				397BCD9728F405FD00A9FDF6 /* Release */,
			);
			defaultConfigurationIsVisible = 0;
			defaultConfigurationName = Release;
		};
/* End XCConfigurationList section */

/* Begin XCRemoteSwiftPackageReference section */
		39D4DB6129176F7A0066D333 /* XCRemoteSwiftPackageReference "firebase-ios-sdk" */ = {
			isa = XCRemoteSwiftPackageReference;
			repositoryURL = "https://github.com/firebase/firebase-ios-sdk.git";
			requirement = {
				branch = master;
				kind = branch;
			};
		};
/* End XCRemoteSwiftPackageReference section */

/* Begin XCSwiftPackageProductDependency section */
		39D4DB6229176F7A0066D333 /* FirebaseAuth */ = {
			isa = XCSwiftPackageProductDependency;
			package = 39D4DB6129176F7A0066D333 /* XCRemoteSwiftPackageReference "firebase-ios-sdk" */;
			productName = FirebaseAuth;
		};
		39D4DB6429176F7A0066D333 /* FirebaseDatabase */ = {
			isa = XCSwiftPackageProductDependency;
			package = 39D4DB6129176F7A0066D333 /* XCRemoteSwiftPackageReference "firebase-ios-sdk" */;
			productName = FirebaseDatabase;
		};
		39D4DB6629176F7A0066D333 /* FirebaseDatabaseSwift */ = {
			isa = XCSwiftPackageProductDependency;
			package = 39D4DB6129176F7A0066D333 /* XCRemoteSwiftPackageReference "firebase-ios-sdk" */;
			productName = FirebaseDatabaseSwift;
		};
		39D4DB6829176F7A0066D333 /* FirebaseFirestore */ = {
			isa = XCSwiftPackageProductDependency;
			package = 39D4DB6129176F7A0066D333 /* XCRemoteSwiftPackageReference "firebase-ios-sdk" */;
			productName = FirebaseFirestore;
		};
		39D4DB6A29176F7A0066D333 /* FirebaseFirestoreSwift */ = {
			isa = XCSwiftPackageProductDependency;
			package = 39D4DB6129176F7A0066D333 /* XCRemoteSwiftPackageReference "firebase-ios-sdk" */;
			productName = FirebaseFirestoreSwift;
		};
/* End XCSwiftPackageProductDependency section */
	};
	rootObject = 397BCD7F28F405FB00A9FDF6 /* Project object */;
}
